
Microsoft Visual Studio Solution File, Format Version 12.00
# Visual Studio Version 17
VisualStudioVersion = 17.5.33424.131
MinimumVisualStudioVersion = 10.0.40219.1
Project("{2150E333-8FDC-42A3-9474-1A3956D46DE8}") = "Solution Items", "Solution Items", "{3C26909E-3C45-4438-BF63-0FA1B1CD1D15}"
	ProjectSection(SolutionItems) = preProject
		.editorconfig = .editorconfig
		Directory.Build.props = Directory.Build.props
		readme.md = readme.md
	EndProjectSection
EndProject
Project("{9A19103F-16F7-4668-BE54-9A1E7A4F7556}") = "Abc.IdentityServer4.EidasLight", "src\Abc.IdentityServer.EidasLight\Abc.IdentityServer4.EidasLight.csproj", "{3B870732-4B48-498B-BB0C-85256B3B39E8}"
EndProject
Project("{9A19103F-16F7-4668-BE54-9A1E7A4F7556}") = "Abc.IdentityServer4.EidasLight.UnitTests", "test\Abc.IdentityServer.EidasLight.UnitTests\Abc.IdentityServer4.EidasLight.UnitTests.csproj", "{3B2659E9-7154-42B4-91B6-39B0BD3FB57E}"
EndProject
Project("{2150E333-8FDC-42A3-9474-1A3956D46DE8}") = "src", "src", "{9FFD2562-0CBD-4CFD-A2CE-6C67D9855B41}"
	ProjectSection(SolutionItems) = preProject
		src\Directory.Build.props = src\Directory.Build.props
	EndProjectSection
EndProject
Project("{2150E333-8FDC-42A3-9474-1A3956D46DE8}") = "test", "test", "{CD4B8595-7060-4934-ABA0-C5EB8B7CA2EE}"
	ProjectSection(SolutionItems) = preProject
		test\Directory.Build.props = test\Directory.Build.props
	EndProjectSection
EndProject
Project("{9A19103F-16F7-4668-BE54-9A1E7A4F7556}") = "Abc.DuendeIdentityServer.EidasLight", "src\Abc.IdentityServer.EidasLight\Abc.DuendeIdentityServer.EidasLight.csproj", "{ADBA5411-F138-49E6-B804-2B5C153D5BE1}"
EndProject
Project("{9A19103F-16F7-4668-BE54-9A1E7A4F7556}") = "Abc.DuendeIdentityServer.EidasLight.UnitTests", "test\Abc.IdentityServer.EidasLight.UnitTests\Abc.DuendeIdentityServer.EidasLight.UnitTests.csproj", "{D3020E26-0AFE-4E56-BB0F-5215F28FA287}"
EndProject
Global
	GlobalSection(SolutionConfigurationPlatforms) = preSolution
		Debug|Any CPU = Debug|Any CPU
		Release|Any CPU = Release|Any CPU
	EndGlobalSection
	GlobalSection(ProjectConfigurationPlatforms) = postSolution
		{3B870732-4B48-498B-BB0C-85256B3B39E8}.Debug|Any CPU.ActiveCfg = Debug|Any CPU
		{3B870732-4B48-498B-BB0C-85256B3B39E8}.Debug|Any CPU.Build.0 = Debug|Any CPU
		{3B870732-4B48-498B-BB0C-85256B3B39E8}.Release|Any CPU.ActiveCfg = Release|Any CPU
		{3B870732-4B48-498B-BB0C-85256B3B39E8}.Release|Any CPU.Build.0 = Release|Any CPU
		{3B2659E9-7154-42B4-91B6-39B0BD3FB57E}.Debug|Any CPU.ActiveCfg = Debug|Any CPU
		{3B2659E9-7154-42B4-91B6-39B0BD3FB57E}.Debug|Any CPU.Build.0 = Debug|Any CPU
		{3B2659E9-7154-42B4-91B6-39B0BD3FB57E}.Release|Any CPU.ActiveCfg = Release|Any CPU
		{3B2659E9-7154-42B4-91B6-39B0BD3FB57E}.Release|Any CPU.Build.0 = Release|Any CPU
		{ADBA5411-F138-49E6-B804-2B5C153D5BE1}.Debug|Any CPU.ActiveCfg = Debug|Any CPU
		{ADBA5411-F138-49E6-B804-2B5C153D5BE1}.Debug|Any CPU.Build.0 = Debug|Any CPU
		{ADBA5411-F138-49E6-B804-2B5C153D5BE1}.Release|Any CPU.ActiveCfg = Release|Any CPU
		{ADBA5411-F138-49E6-B804-2B5C153D5BE1}.Release|Any CPU.Build.0 = Release|Any CPU
		{D3020E26-0AFE-4E56-BB0F-5215F28FA287}.Debug|Any CPU.ActiveCfg = Debug|Any CPU
		{D3020E26-0AFE-4E56-BB0F-5215F28FA287}.Debug|Any CPU.Build.0 = Debug|Any CPU
		{D3020E26-0AFE-4E56-BB0F-5215F28FA287}.Release|Any CPU.ActiveCfg = Release|Any CPU
		{D3020E26-0AFE-4E56-BB0F-5215F28FA287}.Release|Any CPU.Build.0 = Release|Any CPU
	EndGlobalSection
	GlobalSection(SolutionProperties) = preSolution
		HideSolutionNode = FALSE
	EndGlobalSection
	GlobalSection(NestedProjects) = preSolution
		{3B870732-4B48-498B-BB0C-85256B3B39E8} = {9FFD2562-0CBD-4CFD-A2CE-6C67D9855B41}
		{3B2659E9-7154-42B4-91B6-39B0BD3FB57E} = {CD4B8595-7060-4934-ABA0-C5EB8B7CA2EE}
		{ADBA5411-F138-49E6-B804-2B5C153D5BE1} = {9FFD2562-0CBD-4CFD-A2CE-6C67D9855B41}
		{D3020E26-0AFE-4E56-BB0F-5215F28FA287} = {CD4B8595-7060-4934-ABA0-C5EB8B7CA2EE}
	EndGlobalSection
	GlobalSection(ExtensibilityGlobals) = postSolution
		SolutionGuid = {F4E80306-8EAB-47ED-9B43-E6DA525B6440}
	EndGlobalSection
EndGlobal
